# THIS IS AN AUTOGENERATED FILE. DO NOT EDIT THIS FILE DIRECTLY.
# yarn lockfile v1


line-reader@^0.4.0:
  version "0.4.0"
  resolved "https://registry.npmjs.org/line-reader/-/line-reader-0.4.0.tgz#17e44818da0ac335675ba300954f94ef670e66fd"

lodash@^4.0.0:
  version "4.17.2"
  resolved "https://registry.npmjs.org/lodash/-/lodash-4.17.2.tgz#34a3055babe04ce42467b607d700072c7ff6bf42"

sax@>=0.6.0:
  version "1.2.1"
  resolved "https://registry.npmjs.org/sax/-/sax-1.2.1.tgz#7b8e656190b228e81a66aea748480d828cd2d37a"

sax@~0.5.2:
  version "0.5.8"
  resolved "https://registry.npmjs.org/sax/-/sax-0.5.8.tgz#d472db228eb331c2506b0e8c15524adb939d12c1"

xml2js@^0.4.17:
  version "0.4.17"
  resolved "https://registry.npmjs.org/xml2js/-/xml2js-0.4.17.tgz#17be93eaae3f3b779359c795b419705a8817e868"
  dependencies:
    sax ">=0.6.0"
    xmlbuilder "^4.1.0"

xmlbuilder@^4.1.0:
  version "4.2.1"
  resolved "https://registry.npmjs.org/xmlbuilder/-/xmlbuilder-4.2.1.tgz#aa58a3041a066f90eaa16c2f5389ff19f3f461a5"
  dependencies:
    lodash "^4.0.0"

xmlbuilder@^8.2.2:
  version "8.2.2"
  resolved "https://registry.npmjs.org/xmlbuilder/-/xmlbuilder-8.2.2.tgz#69248673410b4ba42e1a6136551d2922335aa773"

xmlreader@^0.2.3:
  version "0.2.3"
  resolved "https://registry.npmjs.org/xmlreader/-/xmlreader-0.2.3.tgz#86576eb5d57959a6dee7ed28b3cbd1c3559dcb90"
  dependencies:
    sax "~0.5.2"
